
Microsoft Visual Studio Solution File, Format Version 12.00
# Visual Studio Version 16
VisualStudioVersion = 16.0.31105.61
MinimumVisualStudioVersion = 10.0.40219.1
Project("{8BC9CEB8-8B4A-11D0-8D11-00A0C91BC942}") = "ExeProject", "ExeProject\ExeProject.vcxproj", "{8DADD86F-29EF-40CA-A6DE-0829027C8597}"
EndProject
Project("{8BC9CEB8-8B4A-11D0-8D11-00A0C91BC942}") = "GatesEngine", "Engine\GatesEngine\GatesEngine.vcxproj", "{78144F15-CACB-4B2B-886D-CC55FED5FFF7}"
EndProject
Project("{8BC9CEB8-8B4A-11D0-8D11-00A0C91BC942}") = "DirectXTex", "Engine\GatesEngine\External\DirectXTex\DirectXTex_Desktop_2019_Win10.vcxproj", "{371B9FA9-4C90-4AC6-A123-ACED756D6C77}"
EndProject
Project("{8BC9CEB8-8B4A-11D0-8D11-00A0C91BC942}") = "imgui", "Engine\GatesEngine\External\imgui\imgui.vcxproj", "{05525985-C110-44D6-A3BE-275262FDB18A}"
EndProject
Global
	GlobalSection(SolutionConfigurationPlatforms) = preSolution
		Debug|ARM64 = Debug|ARM64
		Debug|Win32 = Debug|Win32
		Debug|x64 = Debug|x64
		Debug|x86 = Debug|x86
		Profile|ARM64 = Profile|ARM64
		Profile|Win32 = Profile|Win32
		Profile|x64 = Profile|x64
		Profile|x86 = Profile|x86
		Release|ARM64 = Release|ARM64
		Release|Win32 = Release|Win32
		Release|x64 = Release|x64
		Release|x86 = Release|x86
	EndGlobalSection
	GlobalSection(ProjectConfigurationPlatforms) = postSolution
		{8DADD86F-29EF-40CA-A6DE-0829027C8597}.Debug|ARM64.ActiveCfg = Debug|Win32
		{8DADD86F-29EF-40CA-A6DE-0829027C8597}.Debug|Win32.ActiveCfg = Debug|Win32
		{8DADD86F-29EF-40CA-A6DE-0829027C8597}.Debug|Win32.Build.0 = Debug|Win32
		{8DADD86F-29EF-40CA-A6DE-0829027C8597}.Debug|x64.ActiveCfg = Debug|x64
		{8DADD86F-29EF-40CA-A6DE-0829027C8597}.Debug|x64.Build.0 = Debug|x64
		{8DADD86F-29EF-40CA-A6DE-0829027C8597}.Debug|x86.ActiveCfg = Debug|Win32
		{8DADD86F-29EF-40CA-A6DE-0829027C8597}.Debug|x86.Build.0 = Debug|Win32
		{8DADD86F-29EF-40CA-A6DE-0829027C8597}.Profile|ARM64.ActiveCfg = Release|Win32
		{8DADD86F-29EF-40CA-A6DE-0829027C8597}.Profile|ARM64.Build.0 = Release|Win32
		{8DADD86F-29EF-40CA-A6DE-0829027C8597}.Profile|Win32.ActiveCfg = Release|Win32
		{8DADD86F-29EF-40CA-A6DE-0829027C8597}.Profile|Win32.Build.0 = Release|Win32
		{8DADD86F-29EF-40CA-A6DE-0829027C8597}.Profile|x64.ActiveCfg = Release|x64
		{8DADD86F-29EF-40CA-A6DE-0829027C8597}.Profile|x64.Build.0 = Release|x64
		{8DADD86F-29EF-40CA-A6DE-0829027C8597}.Profile|x86.ActiveCfg = Release|Win32
		{8DADD86F-29EF-40CA-A6DE-0829027C8597}.Profile|x86.Build.0 = Release|Win32
		{8DADD86F-29EF-40CA-A6DE-0829027C8597}.Release|ARM64.ActiveCfg = Release|Win32
		{8DADD86F-29EF-40CA-A6DE-0829027C8597}.Release|Win32.ActiveCfg = Release|Win32
		{8DADD86F-29EF-40CA-A6DE-0829027C8597}.Release|Win32.Build.0 = Release|Win32
		{8DADD86F-29EF-40CA-A6DE-0829027C8597}.Release|x64.ActiveCfg = Release|x64
		{8DADD86F-29EF-40CA-A6DE-0829027C8597}.Release|x64.Build.0 = Release|x64
		{8DADD86F-29EF-40CA-A6DE-0829027C8597}.Release|x86.ActiveCfg = Release|Win32
		{8DADD86F-29EF-40CA-A6DE-0829027C8597}.Release|x86.Build.0 = Release|Win32
		{78144F15-CACB-4B2B-886D-CC55FED5FFF7}.Debug|ARM64.ActiveCfg = Debug|Win32
		{78144F15-CACB-4B2B-886D-CC55FED5FFF7}.Debug|Win32.ActiveCfg = Debug|Win32
		{78144F15-CACB-4B2B-886D-CC55FED5FFF7}.Debug|Win32.Build.0 = Debug|Win32
		{78144F15-CACB-4B2B-886D-CC55FED5FFF7}.Debug|x64.ActiveCfg = Debug|x64
		{78144F15-CACB-4B2B-886D-CC55FED5FFF7}.Debug|x64.Build.0 = Debug|x64
		{78144F15-CACB-4B2B-886D-CC55FED5FFF7}.Debug|x86.ActiveCfg = Debug|Win32
		{78144F15-CACB-4B2B-886D-CC55FED5FFF7}.Debug|x86.Build.0 = Debug|Win32
		{78144F15-CACB-4B2B-886D-CC55FED5FFF7}.Profile|ARM64.ActiveCfg = Debug|Win32
		{78144F15-CACB-4B2B-886D-CC55FED5FFF7}.Profile|ARM64.Build.0 = Debug|Win32
		{78144F15-CACB-4B2B-886D-CC55FED5FFF7}.Profile|Win32.ActiveCfg = Release|Win32
		{78144F15-CACB-4B2B-886D-CC55FED5FFF7}.Profile|Win32.Build.0 = Release|Win32
		{78144F15-CACB-4B2B-886D-CC55FED5FFF7}.Profile|x64.ActiveCfg = Debug|x64
		{78144F15-CACB-4B2B-886D-CC55FED5FFF7}.Profile|x64.Build.0 = Debug|x64
		{78144F15-CACB-4B2B-886D-CC55FED5FFF7}.Profile|x86.ActiveCfg = Debug|Win32
		{78144F15-CACB-4B2B-886D-CC55FED5FFF7}.Profile|x86.Build.0 = Debug|Win32
		{78144F15-CACB-4B2B-886D-CC55FED5FFF7}.Release|ARM64.ActiveCfg = Release|Win32
		{78144F15-CACB-4B2B-886D-CC55FED5FFF7}.Release|Win32.ActiveCfg = Release|Win32
		{78144F15-CACB-4B2B-886D-CC55FED5FFF7}.Release|Win32.Build.0 = Release|Win32
		{78144F15-CACB-4B2B-886D-CC55FED5FFF7}.Release|x64.ActiveCfg = Release|x64
		{78144F15-CACB-4B2B-886D-CC55FED5FFF7}.Release|x64.Build.0 = Release|x64
		{78144F15-CACB-4B2B-886D-CC55FED5FFF7}.Release|x86.ActiveCfg = Release|Win32
		{78144F15-CACB-4B2B-886D-CC55FED5FFF7}.Release|x86.Build.0 = Release|Win32
		{371B9FA9-4C90-4AC6-A123-ACED756D6C77}.Debug|ARM64.ActiveCfg = Debug|Win32
		{371B9FA9-4C90-4AC6-A123-ACED756D6C77}.Debug|Win32.ActiveCfg = Debug|Win32
		{371B9FA9-4C90-4AC6-A123-ACED756D6C77}.Debug|Win32.Build.0 = Debug|Win32
		{371B9FA9-4C90-4AC6-A123-ACED756D6C77}.Debug|x64.ActiveCfg = Debug|x64
		{371B9FA9-4C90-4AC6-A123-ACED756D6C77}.Debug|x64.Build.0 = Debug|x64
		{371B9FA9-4C90-4AC6-A123-ACED756D6C77}.Debug|x86.ActiveCfg = Debug|Win32
		{371B9FA9-4C90-4AC6-A123-ACED756D6C77}.Debug|x86.Build.0 = Debug|Win32
		{371B9FA9-4C90-4AC6-A123-ACED756D6C77}.Profile|ARM64.ActiveCfg = Profile|Win32
		{371B9FA9-4C90-4AC6-A123-ACED756D6C77}.Profile|Win32.ActiveCfg = Profile|Win32
		{371B9FA9-4C90-4AC6-A123-ACED756D6C77}.Profile|Win32.Build.0 = Profile|Win32
		{371B9FA9-4C90-4AC6-A123-ACED756D6C77}.Profile|x64.ActiveCfg = Profile|x64
		{371B9FA9-4C90-4AC6-A123-ACED756D6C77}.Profile|x64.Build.0 = Profile|x64
		{371B9FA9-4C90-4AC6-A123-ACED756D6C77}.Profile|x86.ActiveCfg = Profile|Win32
		{371B9FA9-4C90-4AC6-A123-ACED756D6C77}.Profile|x86.Build.0 = Profile|Win32
		{371B9FA9-4C90-4AC6-A123-ACED756D6C77}.Release|ARM64.ActiveCfg = Release|Win32
		{371B9FA9-4C90-4AC6-A123-ACED756D6C77}.Release|Win32.ActiveCfg = Release|Win32
		{371B9FA9-4C90-4AC6-A123-ACED756D6C77}.Release|Win32.Build.0 = Release|Win32
		{371B9FA9-4C90-4AC6-A123-ACED756D6C77}.Release|x64.ActiveCfg = Release|x64
		{371B9FA9-4C90-4AC6-A123-ACED756D6C77}.Release|x64.Build.0 = Release|x64
		{371B9FA9-4C90-4AC6-A123-ACED756D6C77}.Release|x86.ActiveCfg = Release|Win32
		{371B9FA9-4C90-4AC6-A123-ACED756D6C77}.Release|x86.Build.0 = Release|Win32
		{05525985-C110-44D6-A3BE-275262FDB18A}.Debug|ARM64.ActiveCfg = Debug|x64
		{05525985-C110-44D6-A3BE-275262FDB18A}.Debug|Win32.ActiveCfg = Debug|Win32
		{05525985-C110-44D6-A3BE-275262FDB18A}.Debug|Win32.Build.0 = Debug|Win32
		{05525985-C110-44D6-A3BE-275262FDB18A}.Debug|x64.ActiveCfg = Debug|x64
		{05525985-C110-44D6-A3BE-275262FDB18A}.Debug|x64.Build.0 = Debug|x64
		{05525985-C110-44D6-A3BE-275262FDB18A}.Debug|x86.ActiveCfg = Debug|x64
		{05525985-C110-44D6-A3BE-275262FDB18A}.Profile|ARM64.ActiveCfg = Debug|x64
		{05525985-C110-44D6-A3BE-275262FDB18A}.Profile|ARM64.Build.0 = Debug|x64
		{05525985-C110-44D6-A3BE-275262FDB18A}.Profile|Win32.ActiveCfg = Debug|Win32
		{05525985-C110-44D6-A3BE-275262FDB18A}.Profile|Win32.Build.0 = Debug|Win32
		{05525985-C110-44D6-A3BE-275262FDB18A}.Profile|x64.ActiveCfg = Debug|x64
		{05525985-C110-44D6-A3BE-275262FDB18A}.Profile|x64.Build.0 = Debug|x64
		{05525985-C110-44D6-A3BE-275262FDB18A}.Profile|x86.ActiveCfg = Debug|x64
		{05525985-C110-44D6-A3BE-275262FDB18A}.Profile|x86.Build.0 = Debug|x64
		{05525985-C110-44D6-A3BE-275262FDB18A}.Release|ARM64.ActiveCfg = Release|x64
		{05525985-C110-44D6-A3BE-275262FDB18A}.Release|Win32.ActiveCfg = Release|Win32
		{05525985-C110-44D6-A3BE-275262FDB18A}.Release|Win32.Build.0 = Release|Win32
		{05525985-C110-44D6-A3BE-275262FDB18A}.Release|x64.ActiveCfg = Release|x64
		{05525985-C110-44D6-A3BE-275262FDB18A}.Release|x64.Build.0 = Release|x64
		{05525985-C110-44D6-A3BE-275262FDB18A}.Release|x86.ActiveCfg = Release|x64
	EndGlobalSection
	GlobalSection(SolutionProperties) = preSolution
		HideSolutionNode = FALSE
	EndGlobalSection
	GlobalSection(ExtensibilityGlobals) = postSolution
		SolutionGuid = {16D48250-C1EE-443A-8257-5CFC4209E02B}
	EndGlobalSection
EndGlobal
