<?xml version="1.0" encoding="utf-8"?>
<Project ToolsVersion="4.0" xmlns="http://schemas.microsoft.com/developer/msbuild/2003">
  <ItemGroup>
    <Filter Include="Source">
      <UniqueIdentifier>{4FC737F1-C7A5-4376-A066-2A32D752A2FF}</UniqueIdentifier>
      <Extensions>cpp;c;cc;cxx;c++;cppm;ixx;def;odl;idl;hpj;bat;asm;asmx</Extensions>
    </Filter>
    <Filter Include="Source\Graphics">
      <UniqueIdentifier>{a14fe830-61e3-4b17-ad6f-4c9309c7a627}</UniqueIdentifier>
    </Filter>
    <Filter Include="Source\Input">
      <UniqueIdentifier>{d4f29678-d443-4140-887b-c57058f176b0}</UniqueIdentifier>
    </Filter>
    <Filter Include="Source\Audio">
      <UniqueIdentifier>{79859eda-6e1e-43ae-a75c-1bef75b993d3}</UniqueIdentifier>
    </Filter>
    <Filter Include="Source\Util">
      <UniqueIdentifier>{051a8cef-e017-4629-a31b-03492560162f}</UniqueIdentifier>
    </Filter>
    <Filter Include="Source\Util\Math">
      <UniqueIdentifier>{9ad60499-fa3f-4954-8c41-fe38855a5dff}</UniqueIdentifier>
    </Filter>
    <Filter Include="Source\Application">
      <UniqueIdentifier>{7c2060ee-3f79-4ebd-8205-860244692d2a}</UniqueIdentifier>
    </Filter>
    <Filter Include="Header">
      <UniqueIdentifier>{93995380-89BD-4b04-88EB-625FBE52EBFB}</UniqueIdentifier>
      <Extensions>h;hh;hpp;hxx;h++;hm;inl;inc;ipp;xsd</Extensions>
    </Filter>
    <Filter Include="Header\Input">
      <UniqueIdentifier>{0aac418b-26e7-4984-a4ac-783e5d8a00fe}</UniqueIdentifier>
    </Filter>
    <Filter Include="Header\Audio">
      <UniqueIdentifier>{a8923f8d-ce7a-4723-9ac5-8c13c6e9e6c6}</UniqueIdentifier>
    </Filter>
    <Filter Include="Header\Util">
      <UniqueIdentifier>{b0ba0140-4638-4851-9094-0e6758bc1bf5}</UniqueIdentifier>
    </Filter>
    <Filter Include="Header\Util\Math">
      <UniqueIdentifier>{ea735a4e-6c66-4307-9aca-2b8663e81558}</UniqueIdentifier>
    </Filter>
    <Filter Include="Header\Graphics">
      <UniqueIdentifier>{aa65162e-7e05-44b5-a5ae-dad52d42e167}</UniqueIdentifier>
    </Filter>
    <Filter Include="Header\Application">
      <UniqueIdentifier>{a4da27ef-bf0d-4834-81d0-9186029d6de4}</UniqueIdentifier>
    </Filter>
    <Filter Include="Header\GameFramework">
      <UniqueIdentifier>{95459304-7715-4591-ae34-a4ad79a97583}</UniqueIdentifier>
    </Filter>
    <Filter Include="Header\GameFramework\Scene">
      <UniqueIdentifier>{0f44abb3-3d2b-4ac2-8192-6ae385631e93}</UniqueIdentifier>
    </Filter>
    <Filter Include="Header\GameFramework\GameObject">
      <UniqueIdentifier>{95d54d0b-c522-434c-8c64-a7f7e805f7b4}</UniqueIdentifier>
    </Filter>
    <Filter Include="Header\GameFramework\Component">
      <UniqueIdentifier>{4df7d552-899e-4c8f-8502-2062f540c04c}</UniqueIdentifier>
    </Filter>
    <Filter Include="Source\GameFramework">
      <UniqueIdentifier>{dccfe9df-95ce-4948-8a90-f57f9b06ba93}</UniqueIdentifier>
    </Filter>
    <Filter Include="Source\GameFramework\Scene">
      <UniqueIdentifier>{a38c2ef1-e099-4013-84a8-0bc5adeb146f}</UniqueIdentifier>
    </Filter>
    <Filter Include="Source\GameFramework\GameObject">
      <UniqueIdentifier>{0c145c6b-e422-403a-b323-5ecb177e9b0b}</UniqueIdentifier>
    </Filter>
    <Filter Include="Header\GameFramework\Collision">
      <UniqueIdentifier>{c525fba7-0b1f-403e-ae9a-b733167e7319}</UniqueIdentifier>
    </Filter>
    <Filter Include="Source\GameFramework\Collision">
      <UniqueIdentifier>{37a9a57c-340f-4f6e-ae19-f598205cde7e}</UniqueIdentifier>
    </Filter>
    <Filter Include="Source\GameFramework\Component">
      <UniqueIdentifier>{16b46a75-30ff-43ff-bf56-4ba5adc48fcc}</UniqueIdentifier>
    </Filter>
    <Filter Include="Header\Graphics\PostEffect">
      <UniqueIdentifier>{8ba46bdc-5a72-490f-95f3-ee65ad3a0468}</UniqueIdentifier>
    </Filter>
    <Filter Include="Source\Graphics\PostEffect">
      <UniqueIdentifier>{a48f9cd0-4a30-46b9-affa-353ad5805eb7}</UniqueIdentifier>
    </Filter>
    <Filter Include="Source\GUI">
      <UniqueIdentifier>{7c3565fd-1a3d-42fb-8167-0a88bd1fc16d}</UniqueIdentifier>
    </Filter>
    <Filter Include="Header\GUI">
      <UniqueIdentifier>{139e150b-60dd-4799-92a3-c013f85b9c9b}</UniqueIdentifier>
    </Filter>
  </ItemGroup>
  <ItemGroup>
    <ClInclude Include="Header\Application\Application.h">
      <Filter>Header\Application</Filter>
    </ClInclude>
    <ClInclude Include="Header\Graphics\Window.h">
      <Filter>Header\Graphics</Filter>
    </ClInclude>
    <ClInclude Include="Header\Util\Math\Axis.h">
      <Filter>Header\Util\Math</Filter>
    </ClInclude>
    <ClInclude Include="Header\Util\Math\Easing.h">
      <Filter>Header\Util\Math</Filter>
    </ClInclude>
    <ClInclude Include="Header\Util\Math\Math.h">
      <Filter>Header\Util\Math</Filter>
    </ClInclude>
    <ClInclude Include="Header\Util\Math\Matrix4.h">
      <Filter>Header\Util\Math</Filter>
    </ClInclude>
    <ClInclude Include="Header\Util\Math\Quaternion.h">
      <Filter>Header\Util\Math</Filter>
    </ClInclude>
    <ClInclude Include="Header\Util\Math\Transform.h">
      <Filter>Header\Util\Math</Filter>
    </ClInclude>
    <ClInclude Include="Header\Util\Math\Vector2.h">
      <Filter>Header\Util\Math</Filter>
    </ClInclude>
    <ClInclude Include="Header\Util\Math\Vector3.h">
      <Filter>Header\Util\Math</Filter>
    </ClInclude>
    <ClInclude Include="Header\Util\Math\Vector4.h">
      <Filter>Header\Util\Math</Filter>
    </ClInclude>
    <ClInclude Include="Header\Input\InputDevice.h">
      <Filter>Header\Input</Filter>
    </ClInclude>
    <ClInclude Include="Header\Input\Keyboard.h">
      <Filter>Header\Input</Filter>
    </ClInclude>
    <ClInclude Include="Header\Input\Keys.h">
      <Filter>Header\Input</Filter>
    </ClInclude>
    <ClInclude Include="Header\Input\Mouse.h">
      <Filter>Header\Input</Filter>
    </ClInclude>
    <ClInclude Include="Header\Input\MouseButtons.h">
      <Filter>Header\Input</Filter>
    </ClInclude>
    <ClInclude Include="Header\Input\XInputController.h">
      <Filter>Header\Input</Filter>
    </ClInclude>
    <ClInclude Include="Header\Input\XInputControllerButton.h">
      <Filter>Header\Input</Filter>
    </ClInclude>
    <ClInclude Include="Header\Util\Random.h">
      <Filter>Header\Util</Filter>
    </ClInclude>
    <ClInclude Include="Header\Util\Timer.h">
      <Filter>Header\Util</Filter>
    </ClInclude>
    <ClInclude Include="Header\Util\Utility.h">
      <Filter>Header\Util</Filter>
    </ClInclude>
    <ClInclude Include="Header\Audio\Audio.h">
      <Filter>Header\Audio</Filter>
    </ClInclude>
    <ClInclude Include="Header\Audio\AudioManager.h">
      <Filter>Header\Audio</Filter>
    </ClInclude>
    <ClInclude Include="Header\Audio\WaveAudioData.h">
      <Filter>Header\Audio</Filter>
    </ClInclude>
    <ClInclude Include="Header\GameFramework\Scene\Scene.h">
      <Filter>Header\GameFramework\Scene</Filter>
    </ClInclude>
    <ClInclude Include="Header\GameFramework\Scene\SceneManager.h">
      <Filter>Header\GameFramework\Scene</Filter>
    </ClInclude>
    <ClInclude Include="Header\GameFramework\GameObject\GameObject.h">
      <Filter>Header\GameFramework\GameObject</Filter>
    </ClInclude>
    <ClInclude Include="Header\GameFramework\GameObject\GameObjectManager.h">
      <Filter>Header\GameFramework\GameObject</Filter>
    </ClInclude>
    <ClInclude Include="Header\GameFramework\Component\Component.h">
      <Filter>Header\GameFramework\Component</Filter>
    </ClInclude>
    <ClInclude Include="Header\GameFramework\Component\SampleComponent.h">
      <Filter>Header\GameFramework\Component</Filter>
    </ClInclude>
    <ClInclude Include="Header\Graphics\GraphicsDeviceDx12.h">
      <Filter>Header\Graphics</Filter>
    </ClInclude>
    <ClInclude Include="Header\Graphics\RenderTarget.h">
      <Filter>Header\Graphics</Filter>
    </ClInclude>
    <ClInclude Include="Header\Graphics\DepthStencil.h">
      <Filter>Header\Graphics</Filter>
    </ClInclude>
    <ClInclude Include="Header\Graphics\COMRelease.h">
      <Filter>Header\Graphics</Filter>
    </ClInclude>
    <ClInclude Include="Header\Graphics\IDepthStencil.h">
      <Filter>Header\Graphics</Filter>
    </ClInclude>
    <ClInclude Include="Header\Graphics\IRenderTarget.h">
      <Filter>Header\Graphics</Filter>
    </ClInclude>
    <ClInclude Include="Header\Graphics\CBufferAllocater.h">
      <Filter>Header\Graphics</Filter>
    </ClInclude>
    <ClInclude Include="Header\Graphics\ShaderResourceHeap.h">
      <Filter>Header\Graphics</Filter>
    </ClInclude>
    <ClInclude Include="Header\Graphics\IShaderResourceHeap.h">
      <Filter>Header\Graphics</Filter>
    </ClInclude>
    <ClInclude Include="Header\Graphics\ICBufferAllocater.h">
      <Filter>Header\Graphics</Filter>
    </ClInclude>
    <ClInclude Include="Header\Graphics\IShader.h">
      <Filter>Header\Graphics</Filter>
    </ClInclude>
    <ClInclude Include="Header\Graphics\Shader.h">
      <Filter>Header\Graphics</Filter>
    </ClInclude>
    <ClInclude Include="Header\Graphics\IRootSignature.h">
      <Filter>Header\Graphics</Filter>
    </ClInclude>
    <ClInclude Include="Header\Graphics\RootSignature.h">
      <Filter>Header\Graphics</Filter>
    </ClInclude>
    <ClInclude Include="Header\Graphics\IGraphicsPipeline.h">
      <Filter>Header\Graphics</Filter>
    </ClInclude>
    <ClInclude Include="Header\Graphics\GraphicsPipeline.h">
      <Filter>Header\Graphics</Filter>
    </ClInclude>
    <ClInclude Include="Header\Graphics\VertexData.h">
      <Filter>Header\Graphics</Filter>
    </ClInclude>
    <ClInclude Include="Header\Graphics\MeshData.h">
      <Filter>Header\Graphics</Filter>
    </ClInclude>
    <ClInclude Include="Header\Graphics\IMesh.h">
      <Filter>Header\Graphics</Filter>
    </ClInclude>
    <ClInclude Include="Header\Graphics\Mesh.h">
      <Filter>Header\Graphics</Filter>
    </ClInclude>
    <ClInclude Include="Header\Graphics\MeshCreater.h">
      <Filter>Header\Graphics</Filter>
    </ClInclude>
    <ClInclude Include="Header\Graphics\GraphicsPipelineInfo.h">
      <Filter>Header\Graphics</Filter>
    </ClInclude>
    <ClInclude Include="Header\Graphics\CBufferStruct.h">
      <Filter>Header\Graphics</Filter>
    </ClInclude>
    <ClInclude Include="Header\Graphics\ICamera.h">
      <Filter>Header\Graphics</Filter>
    </ClInclude>
    <ClInclude Include="Header\Graphics\Camera.h">
      <Filter>Header\Graphics</Filter>
    </ClInclude>
    <ClInclude Include="Header\Graphics\Camera3D.h">
      <Filter>Header\Graphics</Filter>
    </ClInclude>
    <ClInclude Include="Header\Graphics\Camera3DDebug.h">
      <Filter>Header\Graphics</Filter>
    </ClInclude>
    <ClInclude Include="Header\Graphics\ITexture.h">
      <Filter>Header\Graphics</Filter>
    </ClInclude>
    <ClInclude Include="Header\Graphics\Texture.h">
      <Filter>Header\Graphics</Filter>
    </ClInclude>
    <ClInclude Include="Header\Graphics\DepthTexture.h">
      <Filter>Header\Graphics</Filter>
    </ClInclude>
    <ClInclude Include="Header\Graphics\IDepthTexture.h">
      <Filter>Header\Graphics</Filter>
    </ClInclude>
    <ClInclude Include="Header\Graphics\IRenderTexture.h">
      <Filter>Header\Graphics</Filter>
    </ClInclude>
    <ClInclude Include="Header\Graphics\RenderTexture.h">
      <Filter>Header\Graphics</Filter>
    </ClInclude>
    <ClInclude Include="Header\Graphics\ILayer.h">
      <Filter>Header\Graphics</Filter>
    </ClInclude>
    <ClInclude Include="Header\Graphics\Layer.h">
      <Filter>Header\Graphics</Filter>
    </ClInclude>
    <ClInclude Include="Header\Util\Manager.h">
      <Filter>Header\Util</Filter>
    </ClInclude>
    <ClInclude Include="Header\Graphics\RenderQueue.h">
      <Filter>Header\Graphics</Filter>
    </ClInclude>
    <ClInclude Include="Header\Graphics\Color.h">
      <Filter>Header\Graphics</Filter>
    </ClInclude>
    <ClInclude Include="Header\Graphics\IGraphicsDeviceDx12.h">
      <Filter>Header\Graphics</Filter>
    </ClInclude>
    <ClInclude Include="Header\GameFramework\Component\Collider.h">
      <Filter>Header\GameFramework\Component</Filter>
    </ClInclude>
    <ClInclude Include="Header\GameFramework\Collision\ICollider.h">
      <Filter>Header\GameFramework\Collision</Filter>
    </ClInclude>
    <ClInclude Include="Header\GameFramework\Collision\ColliderInfo.h">
      <Filter>Header\GameFramework\Collision</Filter>
    </ClInclude>
    <ClInclude Include="Header\GameFramework\Component\SphereCollider.h">
      <Filter>Header\GameFramework\Component</Filter>
    </ClInclude>
    <ClInclude Include="Header\GameFramework\FlagController.h">
      <Filter>Header\GameFramework</Filter>
    </ClInclude>
    <ClInclude Include="Header\GameFramework\Component\BoxCollider.h">
      <Filter>Header\GameFramework\Component</Filter>
    </ClInclude>
    <ClInclude Include="Header\GameFramework\Collision\CollisionManager.h">
      <Filter>Header\GameFramework\Collision</Filter>
    </ClInclude>
    <ClInclude Include="Header\Graphics\PostEffect\PostEffect.h">
      <Filter>Header\Graphics\PostEffect</Filter>
    </ClInclude>
    <ClInclude Include="Header\GUI\GUIManager.h">
      <Filter>Header\GUI</Filter>
    </ClInclude>
    <ClInclude Include="Header\GUI\Hierarchy.h">
      <Filter>Header\GUI</Filter>
    </ClInclude>
    <ClInclude Include="Header\GUI\Inspector.h">
      <Filter>Header\GUI</Filter>
    </ClInclude>
  </ItemGroup>
  <ItemGroup>
    <ClCompile Include="Source\Application\Application.cpp">
      <Filter>Source\Application</Filter>
    </ClCompile>
    <ClCompile Include="Source\Graphics\Window.cpp">
      <Filter>Source\Graphics</Filter>
    </ClCompile>
    <ClCompile Include="Source\Util\Math\Easing.cpp">
      <Filter>Source\Util\Math</Filter>
    </ClCompile>
    <ClCompile Include="Source\Util\Math\Math.cpp">
      <Filter>Source\Util\Math</Filter>
    </ClCompile>
    <ClCompile Include="Source\Util\Math\Matrix4.cpp">
      <Filter>Source\Util\Math</Filter>
    </ClCompile>
    <ClCompile Include="Source\Util\Math\Quaternion.cpp">
      <Filter>Source\Util\Math</Filter>
    </ClCompile>
    <ClCompile Include="Source\Util\Math\Transform.cpp">
      <Filter>Source\Util\Math</Filter>
    </ClCompile>
    <ClCompile Include="Source\Util\Math\Vector2.cpp">
      <Filter>Source\Util\Math</Filter>
    </ClCompile>
    <ClCompile Include="Source\Util\Math\Vector3.cpp">
      <Filter>Source\Util\Math</Filter>
    </ClCompile>
    <ClCompile Include="Source\Util\Math\Vector4.cpp">
      <Filter>Source\Util\Math</Filter>
    </ClCompile>
    <ClCompile Include="Source\Input\InputDevice.cpp">
      <Filter>Source\Input</Filter>
    </ClCompile>
    <ClCompile Include="Source\Input\Keyboard.cpp">
      <Filter>Source\Input</Filter>
    </ClCompile>
    <ClCompile Include="Source\Input\Mouse.cpp">
      <Filter>Source\Input</Filter>
    </ClCompile>
    <ClCompile Include="Source\Input\XInputController.cpp">
      <Filter>Source\Input</Filter>
    </ClCompile>
    <ClCompile Include="Source\Util\Random.cpp">
      <Filter>Source\Util</Filter>
    </ClCompile>
    <ClCompile Include="Source\Util\Timer.cpp">
      <Filter>Source\Util</Filter>
    </ClCompile>
    <ClCompile Include="Source\Util\Utility.cpp">
      <Filter>Source\Util</Filter>
    </ClCompile>
    <ClCompile Include="Source\Audio\Audio.cpp">
      <Filter>Source\Audio</Filter>
    </ClCompile>
    <ClCompile Include="Source\Audio\AudioManager.cpp">
      <Filter>Source\Audio</Filter>
    </ClCompile>
    <ClCompile Include="Source\Audio\WaveAudioData.cpp">
      <Filter>Source\Audio</Filter>
    </ClCompile>
    <ClCompile Include="Source\GameFramework\Scene\Scene.cpp">
      <Filter>Source\GameFramework\Scene</Filter>
    </ClCompile>
    <ClCompile Include="Source\GameFramework\Scene\SceneManager.cpp">
      <Filter>Source\GameFramework\Scene</Filter>
    </ClCompile>
    <ClCompile Include="Source\GameFramework\GameObject\GameObject.cpp">
      <Filter>Source\GameFramework\GameObject</Filter>
    </ClCompile>
    <ClCompile Include="Source\GameFramework\GameObject\GameObjectManager.cpp">
      <Filter>Source\GameFramework\GameObject</Filter>
    </ClCompile>
    <ClCompile Include="Source\GameFramework\Component\Component.cpp">
      <Filter>Source\GameFramework\Component</Filter>
    </ClCompile>
    <ClCompile Include="Source\GameFramework\Component\SampleComponent.cpp">
      <Filter>Source\GameFramework\Component</Filter>
    </ClCompile>
    <ClCompile Include="Source\Graphics\GraphicsDeviceDx12.cpp">
      <Filter>Source\Graphics</Filter>
    </ClCompile>
    <ClCompile Include="Source\Graphics\DepthStencil.cpp">
      <Filter>Source\Graphics</Filter>
    </ClCompile>
    <ClCompile Include="Source\Graphics\RenderTarget.cpp">
      <Filter>Source\Graphics</Filter>
    </ClCompile>
    <ClCompile Include="Source\Graphics\ShaderResourceHeap.cpp">
      <Filter>Source\Graphics</Filter>
    </ClCompile>
    <ClCompile Include="Source\Graphics\CBufferAllocater.cpp">
      <Filter>Source\Graphics</Filter>
    </ClCompile>
    <ClCompile Include="Source\Graphics\Shader.cpp">
      <Filter>Source\Graphics</Filter>
    </ClCompile>
    <ClCompile Include="Source\Graphics\RootSignature.cpp">
      <Filter>Source\Graphics</Filter>
    </ClCompile>
    <ClCompile Include="Source\Graphics\GraphicsPipeline.cpp">
      <Filter>Source\Graphics</Filter>
    </ClCompile>
    <ClCompile Include="Source\Graphics\Mesh.cpp">
      <Filter>Source\Graphics</Filter>
    </ClCompile>
    <ClCompile Include="Source\Graphics\MeshCreater.cpp">
      <Filter>Source\Graphics</Filter>
    </ClCompile>
    <ClCompile Include="Source\Graphics\Camera3DDebug.cpp">
      <Filter>Source\Graphics</Filter>
    </ClCompile>
    <ClCompile Include="Source\Graphics\Camera3D.cpp">
      <Filter>Source\Graphics</Filter>
    </ClCompile>
    <ClCompile Include="Source\Graphics\Texture.cpp">
      <Filter>Source\Graphics</Filter>
    </ClCompile>
    <ClCompile Include="Source\Graphics\DepthTexture.cpp">
      <Filter>Source\Graphics</Filter>
    </ClCompile>
    <ClCompile Include="Source\Graphics\RenderTexture.cpp">
      <Filter>Source\Graphics</Filter>
    </ClCompile>
    <ClCompile Include="Source\Graphics\Layer.cpp">
      <Filter>Source\Graphics</Filter>
    </ClCompile>
    <ClCompile Include="Source\Graphics\RenderQueue.cpp">
      <Filter>Source\Graphics</Filter>
    </ClCompile>
    <ClCompile Include="Source\Graphics\Color.cpp">
      <Filter>Source\Graphics</Filter>
    </ClCompile>
    <ClCompile Include="Source\GameFramework\Component\Collider.cpp">
      <Filter>Source\GameFramework\Component</Filter>
    </ClCompile>
    <ClCompile Include="Source\GameFramework\Component\SphereCollider.cpp">
      <Filter>Source\GameFramework\Component</Filter>
    </ClCompile>
    <ClCompile Include="Source\GameFramework\FlagController.cpp">
      <Filter>Source\GameFramework</Filter>
    </ClCompile>
    <ClCompile Include="Source\GameFramework\Component\BoxCollider.cpp">
      <Filter>Source\GameFramework\Component</Filter>
    </ClCompile>
    <ClCompile Include="Source\GameFramework\Collision\CollisionManager.cpp">
      <Filter>Source\GameFramework\Collision</Filter>
    </ClCompile>
    <ClCompile Include="Source\GUI\GUIManager.cpp">
      <Filter>Source\GUI</Filter>
    </ClCompile>
    <ClCompile Include="Source\GUI\Hierarchy.cpp">
      <Filter>Source\GUI</Filter>
    </ClCompile>
    <ClCompile Include="Source\GUI\Inspector.cpp">
      <Filter>Source\GUI</Filter>
    </ClCompile>
  </ItemGroup>
</Project>